# Authoritative fixture release pins. URLs and cache destinations are derived
# from each track's repository, release, and artifact by the shared lock
# resolvers; do not copy release strings into scripts, source, or documentation.

# Glamsterdam state, transaction, and regular BlockSTF fixtures.
state_repo=ethereum/execution-specs
state_release=tests-glamsterdam-devnet@v8.1.1
state_artifact=fixtures_glamsterdam-devnet.tar.gz
state_sha256=0d15026bd1d9514b646eeb7bb13fe5bc3464ef3529de81ae4107e480254bcd67

# Benchmark fixtures are cached for future adapters; bench/ remains the active
# performance lane.
benchmark_repo=ethereum/execution-specs
benchmark_release=tests-benchmark@v0.0.9
benchmark_artifact=fixtures_benchmark.tar.gz
benchmark_sha256=5aee5d1bf7430d5b6ca5b48269dd2a1fb0f9df39ac1e980bac9fc56ad403b8c7

# Stateless zkEVM benchmark fixtures for manual guest performance runs.
zkevm_benchmark_repo=ethereum/execution-specs
zkevm_benchmark_release=tests-zkevm-benchmark@v0.8.2
zkevm_benchmark_artifact=fixtures_zkevm-benchmark.tar.gz
zkevm_benchmark_sha256=c62fbb5ffa60eb1681f8dd900bcb98d6aea316548bd03d9027a178f0d11d94b4

# Stateless zkEVM fixtures and their corpus-scoped extraction manifests.
zkevm_repo=ethereum/execution-specs
zkevm_release=tests-zkevm@v0.8.2
zkevm_artifact=fixtures_zkevm.tar.gz
zkevm_sha256=c58fbe493c1c37ab8371fd0ebb4ded668c08daf774f7f2fb798f6e7939810155
zkevm_mutations_manifest=eest/fixtures/stateless-mutations-tests-zkevm-v0.8.2.txt
zkevm_steps_manifest=eest/fixtures/zisk-steps-tests-zkevm-v0.8.2.txt

# Consensus-spec SSZ conformance fixtures.
consensus_repo=ethereum/consensus-specs
consensus_release=v1.7.0-alpha.13
consensus_general_artifact=general.tar.gz
consensus_general_sha256=b98e5328037a84993254085700b8d9eae304beca81d0944fe05274ca3523ed8b
consensus_mainnet_artifact=mainnet.tar.gz
consensus_mainnet_sha256=bf69706c9cc2c423e3bbaeb5ae7eb53a9e5adfdef84e3731296bb646fe2e8149
consensus_minimal_artifact=minimal.tar.gz
consensus_minimal_sha256=94bafd73514385645404007e6ec8b47aed13ca443b8e75621f40fce5ce1f47a2
